{
    "requires": true,
    "lockfileVersion": 1,
    "dependencies": {
        "black-dashboard": {
            "version": "1.0.0",
            "resolved": "https://registry.npmjs.org/black-dashboard/-/black-dashboard-1.0.0.tgz",
            "integrity": "sha512-D2PoijLSVhOwv+9ujLxPwW6jtzhzdAOH8MaYs7wFQ2O+va0zyY+RpO+IEhKNCDGyHdGcXxDc7+IohtTapTxrAQ=="
        }
    }
}
